{
  "name": "zzpblog",
  "version": "1.0.0",
  "lockfileVersion": 2,
  "requires": true,
  "packages": {
    "": {
      "name": "zzpblog",
      "version": "1.0.0",
      "license": "ISC",
      "devDependencies": {
        "pre-push": "npm:undefined@*"
      }
    },
    "node_modules/pre-push": {
      "dev": true
    }
  },
  "dependencies": {
    "pre-push": {
      "dev": true
    }
  }
}
